// !$*UTF8*$!
{
	archiveVersion = 1;
	classes = {
	};
	objectVersion = 50;
	objects = {

/* Begin PBXBuildFile section */
		4D44A988229C587200F00DB9 /* AppDelegate.swift in Sources */ = {isa = PBXBuildFile; fileRef = 4D44A987229C587200F00DB9 /* AppDelegate.swift */; };
		4D44A98A229C587200F00DB9 /* ResumeViewController.swift in Sources */ = {isa = PBXBuildFile; fileRef = 4D44A989229C587200F00DB9 /* ResumeViewController.swift */; };
		4D44A98D229C587200F00DB9 /* ResumeViewController.storyboard in Resources */ = {isa = PBXBuildFile; fileRef = 4D44A98B229C587200F00DB9 /* ResumeViewController.storyboard */; };
		4D44A98F229C587500F00DB9 /* Assets.xcassets in Resources */ = {isa = PBXBuildFile; fileRef = 4D44A98E229C587500F00DB9 /* Assets.xcassets */; };
		4D44A992229C587500F00DB9 /* LaunchScreen.storyboard in Resources */ = {isa = PBXBuildFile; fileRef = 4D44A990229C587500F00DB9 /* LaunchScreen.storyboard */; };
		4D44A99D229C5F8700F00DB9 /* Job.swift in Sources */ = {isa = PBXBuildFile; fileRef = 4D44A99C229C5F8700F00DB9 /* Job.swift */; };
		4D44A9A2229C646300F00DB9 /* ResumeViewControllerLogic.swift in Sources */ = {isa = PBXBuildFile; fileRef = 4D44A9A1229C646300F00DB9 /* ResumeViewControllerLogic.swift */; };
		4D44A9A4229C646E00F00DB9 /* ResumeViewControllerPresenter.swift in Sources */ = {isa = PBXBuildFile; fileRef = 4D44A9A3229C646E00F00DB9 /* ResumeViewControllerPresenter.swift */; };
		4D44A9A7229C64A600F00DB9 /* Logic.swift in Sources */ = {isa = PBXBuildFile; fileRef = 4D44A9A6229C64A600F00DB9 /* Logic.swift */; };
		4D44A9A9229C66BB00F00DB9 /* Presenter.swift in Sources */ = {isa = PBXBuildFile; fileRef = 4D44A9A8229C66BB00F00DB9 /* Presenter.swift */; };
		4D44A9AB229C995500F00DB9 /* GoogleService-Info.plist in Resources */ = {isa = PBXBuildFile; fileRef = 4D44A9AA229C995500F00DB9 /* GoogleService-Info.plist */; };
		4D44A9AD229C9EA800F00DB9 /* JobTitleCell.swift in Sources */ = {isa = PBXBuildFile; fileRef = 4D44A9AC229C9EA800F00DB9 /* JobTitleCell.swift */; };
		4D44A9AF229C9F9900F00DB9 /* OneTimeSetup.swift in Sources */ = {isa = PBXBuildFile; fileRef = 4D44A9AE229C9F9900F00DB9 /* OneTimeSetup.swift */; };
		4D44A9B1229CA34C00F00DB9 /* AppConstants.swift in Sources */ = {isa = PBXBuildFile; fileRef = 4D44A9B0229CA34C00F00DB9 /* AppConstants.swift */; };
		4D44A9BE229CA43000F00DB9 /* Lato-Italic.ttf in Resources */ = {isa = PBXBuildFile; fileRef = 4D44A9B4229CA43000F00DB9 /* Lato-Italic.ttf */; };
		4D44A9BF229CA43000F00DB9 /* Lato-LightItalic.ttf in Resources */ = {isa = PBXBuildFile; fileRef = 4D44A9B5229CA43000F00DB9 /* Lato-LightItalic.ttf */; };
		4D44A9C0229CA43000F00DB9 /* Lato-Bold.ttf in Resources */ = {isa = PBXBuildFile; fileRef = 4D44A9B6229CA43000F00DB9 /* Lato-Bold.ttf */; };
		4D44A9C1229CA43000F00DB9 /* Lato-Black.ttf in Resources */ = {isa = PBXBuildFile; fileRef = 4D44A9B7229CA43000F00DB9 /* Lato-Black.ttf */; };
		4D44A9C2229CA43000F00DB9 /* Lato-HairlineItalic.ttf in Resources */ = {isa = PBXBuildFile; fileRef = 4D44A9B8229CA43000F00DB9 /* Lato-HairlineItalic.ttf */; };
		4D44A9C3229CA43000F00DB9 /* Lato-Regular.ttf in Resources */ = {isa = PBXBuildFile; fileRef = 4D44A9B9229CA43000F00DB9 /* Lato-Regular.ttf */; };
		4D44A9C4229CA43000F00DB9 /* Lato-Hairline.ttf in Resources */ = {isa = PBXBuildFile; fileRef = 4D44A9BA229CA43000F00DB9 /* Lato-Hairline.ttf */; };
		4D44A9C5229CA43000F00DB9 /* Lato-BlackItalic.ttf in Resources */ = {isa = PBXBuildFile; fileRef = 4D44A9BB229CA43000F00DB9 /* Lato-BlackItalic.ttf */; };
		4D44A9C6229CA43000F00DB9 /* Lato-BoldItalic.ttf in Resources */ = {isa = PBXBuildFile; fileRef = 4D44A9BC229CA43000F00DB9 /* Lato-BoldItalic.ttf */; };
		4D44A9C7229CA43000F00DB9 /* Lato-Light.ttf in Resources */ = {isa = PBXBuildFile; fileRef = 4D44A9BD229CA43000F00DB9 /* Lato-Light.ttf */; };
		4D44A9C9229CAAB200F00DB9 /* Worker.swift in Sources */ = {isa = PBXBuildFile; fileRef = 4D44A9C8229CAAB200F00DB9 /* Worker.swift */; };
		4D44A9CB229CB0F500F00DB9 /* FirestoreLoadable.swift in Sources */ = {isa = PBXBuildFile; fileRef = 4D44A9CA229CB0F500F00DB9 /* FirestoreLoadable.swift */; };
		4D44A9CD229CBD1D00F00DB9 /* PromiseKit+.swift in Sources */ = {isa = PBXBuildFile; fileRef = 4D44A9CC229CBD1D00F00DB9 /* PromiseKit+.swift */; };
		4D44A9CF229D086600F00DB9 /* JobDetailCell.swift in Sources */ = {isa = PBXBuildFile; fileRef = 4D44A9CE229D086600F00DB9 /* JobDetailCell.swift */; };
		4D44A9D1229F466900F00DB9 /* ProfileViewController.swift in Sources */ = {isa = PBXBuildFile; fileRef = 4D44A9D0229F466900F00DB9 /* ProfileViewController.swift */; };
		4D44A9D6229F46B300F00DB9 /* ProfileViewControllerPresenter.swift in Sources */ = {isa = PBXBuildFile; fileRef = 4D44A9D4229F46B300F00DB9 /* ProfileViewControllerPresenter.swift */; };
		4D44A9D7229F46B300F00DB9 /* ProfileViewControllerLogic.swift in Sources */ = {isa = PBXBuildFile; fileRef = 4D44A9D5229F46B300F00DB9 /* ProfileViewControllerLogic.swift */; };
		4D44A9D9229F46C000F00DB9 /* ProfileViewController.storyboard in Resources */ = {isa = PBXBuildFile; fileRef = 4D44A9D8229F46C000F00DB9 /* ProfileViewController.storyboard */; };
		4D44A9DC229F488200F00DB9 /* TabController.storyboard in Resources */ = {isa = PBXBuildFile; fileRef = 4D44A9DB229F488200F00DB9 /* TabController.storyboard */; };
		F54303393C0E4E3A7D189F55 /* Pods_Resume.framework in Frameworks */ = {isa = PBXBuildFile; fileRef = 870718A7120D5E30BDC975D7 /* Pods_Resume.framework */; };
/* End PBXBuildFile section */

/* Begin PBXFileReference section */
		16380D387791D473C6F3593E /* Pods-Resume.release.xcconfig */ = {isa = PBXFileReference; includeInIndex = 1; lastKnownFileType = text.xcconfig; name = "Pods-Resume.release.xcconfig"; path = "Pods/Target Support Files/Pods-Resume/Pods-Resume.release.xcconfig"; sourceTree = "<group>"; };
		4D44A984229C587200F00DB9 /* Resume.app */ = {isa = PBXFileReference; explicitFileType = wrapper.application; includeInIndex = 0; path = Resume.app; sourceTree = BUILT_PRODUCTS_DIR; };
		4D44A987229C587200F00DB9 /* AppDelegate.swift */ = {isa = PBXFileReference; lastKnownFileType = sourcecode.swift; path = AppDelegate.swift; sourceTree = "<group>"; };
		4D44A989229C587200F00DB9 /* ResumeViewController.swift */ = {isa = PBXFileReference; lastKnownFileType = sourcecode.swift; path = ResumeViewController.swift; sourceTree = "<group>"; };
		4D44A98C229C587200F00DB9 /* Base */ = {isa = PBXFileReference; lastKnownFileType = file.storyboard; name = Base; path = Base.lproj/ResumeViewController.storyboard; sourceTree = "<group>"; };
		4D44A98E229C587500F00DB9 /* Assets.xcassets */ = {isa = PBXFileReference; lastKnownFileType = folder.assetcatalog; path = Assets.xcassets; sourceTree = "<group>"; };
		4D44A991229C587500F00DB9 /* Base */ = {isa = PBXFileReference; lastKnownFileType = file.storyboard; name = Base; path = Base.lproj/LaunchScreen.storyboard; sourceTree = "<group>"; };
		4D44A993229C587500F00DB9 /* Info.plist */ = {isa = PBXFileReference; lastKnownFileType = text.plist.xml; path = Info.plist; sourceTree = "<group>"; };
		4D44A99C229C5F8700F00DB9 /* Job.swift */ = {isa = PBXFileReference; lastKnownFileType = sourcecode.swift; path = Job.swift; sourceTree = "<group>"; };
		4D44A9A1229C646300F00DB9 /* ResumeViewControllerLogic.swift */ = {isa = PBXFileReference; lastKnownFileType = sourcecode.swift; path = ResumeViewControllerLogic.swift; sourceTree = "<group>"; };
		4D44A9A3229C646E00F00DB9 /* ResumeViewControllerPresenter.swift */ = {isa = PBXFileReference; lastKnownFileType = sourcecode.swift; path = ResumeViewControllerPresenter.swift; sourceTree = "<group>"; };
		4D44A9A6229C64A600F00DB9 /* Logic.swift */ = {isa = PBXFileReference; lastKnownFileType = sourcecode.swift; path = Logic.swift; sourceTree = "<group>"; };
		4D44A9A8229C66BB00F00DB9 /* Presenter.swift */ = {isa = PBXFileReference; lastKnownFileType = sourcecode.swift; path = Presenter.swift; sourceTree = "<group>"; };
		4D44A9AA229C995500F00DB9 /* GoogleService-Info.plist */ = {isa = PBXFileReference; fileEncoding = 4; lastKnownFileType = text.plist.xml; path = "GoogleService-Info.plist"; sourceTree = "<group>"; };
		4D44A9AC229C9EA800F00DB9 /* JobTitleCell.swift */ = {isa = PBXFileReference; lastKnownFileType = sourcecode.swift; path = JobTitleCell.swift; sourceTree = "<group>"; };
		4D44A9AE229C9F9900F00DB9 /* OneTimeSetup.swift */ = {isa = PBXFileReference; lastKnownFileType = sourcecode.swift; path = OneTimeSetup.swift; sourceTree = "<group>"; };
		4D44A9B0229CA34C00F00DB9 /* AppConstants.swift */ = {isa = PBXFileReference; lastKnownFileType = sourcecode.swift; path = AppConstants.swift; sourceTree = "<group>"; };
		4D44A9B4229CA43000F00DB9 /* Lato-Italic.ttf */ = {isa = PBXFileReference; lastKnownFileType = file; path = "Lato-Italic.ttf"; sourceTree = "<group>"; };
		4D44A9B5229CA43000F00DB9 /* Lato-LightItalic.ttf */ = {isa = PBXFileReference; lastKnownFileType = file; path = "Lato-LightItalic.ttf"; sourceTree = "<group>"; };
		4D44A9B6229CA43000F00DB9 /* Lato-Bold.ttf */ = {isa = PBXFileReference; lastKnownFileType = file; path = "Lato-Bold.ttf"; sourceTree = "<group>"; };
		4D44A9B7229CA43000F00DB9 /* Lato-Black.ttf */ = {isa = PBXFileReference; lastKnownFileType = file; path = "Lato-Black.ttf"; sourceTree = "<group>"; };
		4D44A9B8229CA43000F00DB9 /* Lato-HairlineItalic.ttf */ = {isa = PBXFileReference; lastKnownFileType = file; path = "Lato-HairlineItalic.ttf"; sourceTree = "<group>"; };
		4D44A9B9229CA43000F00DB9 /* Lato-Regular.ttf */ = {isa = PBXFileReference; lastKnownFileType = file; path = "Lato-Regular.ttf"; sourceTree = "<group>"; };
		4D44A9BA229CA43000F00DB9 /* Lato-Hairline.ttf */ = {isa = PBXFileReference; lastKnownFileType = file; path = "Lato-Hairline.ttf"; sourceTree = "<group>"; };
		4D44A9BB229CA43000F00DB9 /* Lato-BlackItalic.ttf */ = {isa = PBXFileReference; lastKnownFileType = file; path = "Lato-BlackItalic.ttf"; sourceTree = "<group>"; };
		4D44A9BC229CA43000F00DB9 /* Lato-BoldItalic.ttf */ = {isa = PBXFileReference; lastKnownFileType = file; path = "Lato-BoldItalic.ttf"; sourceTree = "<group>"; };
		4D44A9BD229CA43000F00DB9 /* Lato-Light.ttf */ = {isa = PBXFileReference; lastKnownFileType = file; path = "Lato-Light.ttf"; sourceTree = "<group>"; };
		4D44A9C8229CAAB200F00DB9 /* Worker.swift */ = {isa = PBXFileReference; lastKnownFileType = sourcecode.swift; path = Worker.swift; sourceTree = "<group>"; };
		4D44A9CA229CB0F500F00DB9 /* FirestoreLoadable.swift */ = {isa = PBXFileReference; lastKnownFileType = sourcecode.swift; path = FirestoreLoadable.swift; sourceTree = "<group>"; };
		4D44A9CC229CBD1D00F00DB9 /* PromiseKit+.swift */ = {isa = PBXFileReference; lastKnownFileType = sourcecode.swift; path = "PromiseKit+.swift"; sourceTree = "<group>"; };
		4D44A9CE229D086600F00DB9 /* JobDetailCell.swift */ = {isa = PBXFileReference; lastKnownFileType = sourcecode.swift; path = JobDetailCell.swift; sourceTree = "<group>"; };
		4D44A9D0229F466900F00DB9 /* ProfileViewController.swift */ = {isa = PBXFileReference; lastKnownFileType = sourcecode.swift; path = ProfileViewController.swift; sourceTree = "<group>"; };
		4D44A9D4229F46B300F00DB9 /* ProfileViewControllerPresenter.swift */ = {isa = PBXFileReference; fileEncoding = 4; lastKnownFileType = sourcecode.swift; path = ProfileViewControllerPresenter.swift; sourceTree = "<group>"; };
		4D44A9D5229F46B300F00DB9 /* ProfileViewControllerLogic.swift */ = {isa = PBXFileReference; fileEncoding = 4; lastKnownFileType = sourcecode.swift; path = ProfileViewControllerLogic.swift; sourceTree = "<group>"; };
		4D44A9D8229F46C000F00DB9 /* ProfileViewController.storyboard */ = {isa = PBXFileReference; lastKnownFileType = file.storyboard; path = ProfileViewController.storyboard; sourceTree = "<group>"; };
		4D44A9DB229F488200F00DB9 /* TabController.storyboard */ = {isa = PBXFileReference; lastKnownFileType = file.storyboard; path = TabController.storyboard; sourceTree = "<group>"; };
		5895046CD750476EC3506D2F /* Pods-Resume.debug.xcconfig */ = {isa = PBXFileReference; includeInIndex = 1; lastKnownFileType = text.xcconfig; name = "Pods-Resume.debug.xcconfig"; path = "Pods/Target Support Files/Pods-Resume/Pods-Resume.debug.xcconfig"; sourceTree = "<group>"; };
		870718A7120D5E30BDC975D7 /* Pods_Resume.framework */ = {isa = PBXFileReference; explicitFileType = wrapper.framework; includeInIndex = 0; path = Pods_Resume.framework; sourceTree = BUILT_PRODUCTS_DIR; };
/* End PBXFileReference section */

/* Begin PBXFrameworksBuildPhase section */
		4D44A981229C587200F00DB9 /* Frameworks */ = {
			isa = PBXFrameworksBuildPhase;
			buildActionMask = 2147483647;
			files = (
				F54303393C0E4E3A7D189F55 /* Pods_Resume.framework in Frameworks */,
			);
			runOnlyForDeploymentPostprocessing = 0;
		};
/* End PBXFrameworksBuildPhase section */

/* Begin PBXGroup section */
		3BFE39F3E3E9169C8D46FC8A /* Frameworks */ = {
			isa = PBXGroup;
			children = (
				870718A7120D5E30BDC975D7 /* Pods_Resume.framework */,
			);
			name = Frameworks;
			sourceTree = "<group>";
		};
		400AFD85A75916D4C978B4CC /* Pods */ = {
			isa = PBXGroup;
			children = (
				5895046CD750476EC3506D2F /* Pods-Resume.debug.xcconfig */,
				16380D387791D473C6F3593E /* Pods-Resume.release.xcconfig */,
			);
			name = Pods;
			sourceTree = "<group>";
		};
		4D44A97B229C587200F00DB9 = {
			isa = PBXGroup;
			children = (
				4D44A986229C587200F00DB9 /* Resume */,
				4D44A985229C587200F00DB9 /* Products */,
				400AFD85A75916D4C978B4CC /* Pods */,
				3BFE39F3E3E9169C8D46FC8A /* Frameworks */,
			);
			sourceTree = "<group>";
		};
		4D44A985229C587200F00DB9 /* Products */ = {
			isa = PBXGroup;
			children = (
				4D44A984229C587200F00DB9 /* Resume.app */,
			);
			name = Products;
			sourceTree = "<group>";
		};
		4D44A986229C587200F00DB9 /* Resume */ = {
			isa = PBXGroup;
			children = (
				4D44A9B2229CA3D400F00DB9 /* Resources */,
				4D44A9A5229C648700F00DB9 /* Protocols */,
				4D44A99E229C622500F00DB9 /* Global Extensions */,
				4D44A99B229C5F2900F00DB9 /* Core */,
				4D44A99A229C5F2300F00DB9 /* UI */,
				4D44A999229C5F1C00F00DB9 /* Models */,
			);
			path = Resume;
			sourceTree = "<group>";
		};
		4D44A999229C5F1C00F00DB9 /* Models */ = {
			isa = PBXGroup;
			children = (
				4D44A99C229C5F8700F00DB9 /* Job.swift */,
			);
			path = Models;
			sourceTree = "<group>";
		};
		4D44A99A229C5F2300F00DB9 /* UI */ = {
			isa = PBXGroup;
			children = (
				4D44A9DA229F46D200F00DB9 /* Misc */,
				4D44A9D3229F468000F00DB9 /* Profile */,
				4D44A9D2229F466E00F00DB9 /* Resume */,
			);
			path = UI;
			sourceTree = "<group>";
		};
		4D44A99B229C5F2900F00DB9 /* Core */ = {
			isa = PBXGroup;
			children = (
				4D44A9B0229CA34C00F00DB9 /* AppConstants.swift */,
				4D44A9AA229C995500F00DB9 /* GoogleService-Info.plist */,
				4D44A987229C587200F00DB9 /* AppDelegate.swift */,
				4D44A98E229C587500F00DB9 /* Assets.xcassets */,
				4D44A993229C587500F00DB9 /* Info.plist */,
			);
			path = Core;
			sourceTree = "<group>";
		};
		4D44A99E229C622500F00DB9 /* Global Extensions */ = {
			isa = PBXGroup;
			children = (
				4D44A9CC229CBD1D00F00DB9 /* PromiseKit+.swift */,
			);
			path = "Global Extensions";
			sourceTree = "<group>";
		};
		4D44A9A5229C648700F00DB9 /* Protocols */ = {
			isa = PBXGroup;
			children = (
				4D44A9A6229C64A600F00DB9 /* Logic.swift */,
				4D44A9A8229C66BB00F00DB9 /* Presenter.swift */,
				4D44A9AE229C9F9900F00DB9 /* OneTimeSetup.swift */,
				4D44A9C8229CAAB200F00DB9 /* Worker.swift */,
				4D44A9CA229CB0F500F00DB9 /* FirestoreLoadable.swift */,
			);
			path = Protocols;
			sourceTree = "<group>";
		};
		4D44A9B2229CA3D400F00DB9 /* Resources */ = {
			isa = PBXGroup;
			children = (
				4D44A9B3229CA43000F00DB9 /* Fonts */,
			);
			path = Resources;
			sourceTree = "<group>";
		};
		4D44A9B3229CA43000F00DB9 /* Fonts */ = {
			isa = PBXGroup;
			children = (
				4D44A9B4229CA43000F00DB9 /* Lato-Italic.ttf */,
				4D44A9B5229CA43000F00DB9 /* Lato-LightItalic.ttf */,
				4D44A9B6229CA43000F00DB9 /* Lato-Bold.ttf */,
				4D44A9B7229CA43000F00DB9 /* Lato-Black.ttf */,
				4D44A9B8229CA43000F00DB9 /* Lato-HairlineItalic.ttf */,
				4D44A9B9229CA43000F00DB9 /* Lato-Regular.ttf */,
				4D44A9BA229CA43000F00DB9 /* Lato-Hairline.ttf */,
				4D44A9BB229CA43000F00DB9 /* Lato-BlackItalic.ttf */,
				4D44A9BC229CA43000F00DB9 /* Lato-BoldItalic.ttf */,
				4D44A9BD229CA43000F00DB9 /* Lato-Light.ttf */,
			);
			path = Fonts;
			sourceTree = "<group>";
		};
		4D44A9D2229F466E00F00DB9 /* Resume */ = {
			isa = PBXGroup;
			children = (
				4D44A989229C587200F00DB9 /* ResumeViewController.swift */,
				4D44A9A1229C646300F00DB9 /* ResumeViewControllerLogic.swift */,
				4D44A9A3229C646E00F00DB9 /* ResumeViewControllerPresenter.swift */,
				4D44A98B229C587200F00DB9 /* ResumeViewController.storyboard */,
				4D44A9AC229C9EA800F00DB9 /* JobTitleCell.swift */,
				4D44A9CE229D086600F00DB9 /* JobDetailCell.swift */,
			);
			path = Resume;
			sourceTree = "<group>";
		};
		4D44A9D3229F468000F00DB9 /* Profile */ = {
			isa = PBXGroup;
			children = (
				4D44A9D0229F466900F00DB9 /* ProfileViewController.swift */,
				4D44A9D5229F46B300F00DB9 /* ProfileViewControllerLogic.swift */,
				4D44A9D4229F46B300F00DB9 /* ProfileViewControllerPresenter.swift */,
				4D44A9D8229F46C000F00DB9 /* ProfileViewController.storyboard */,
			);
			path = Profile;
			sourceTree = "<group>";
		};
		4D44A9DA229F46D200F00DB9 /* Misc */ = {
			isa = PBXGroup;
			children = (
				4D44A990229C587500F00DB9 /* LaunchScreen.storyboard */,
				4D44A9DB229F488200F00DB9 /* TabController.storyboard */,
			);
			path = Misc;
			sourceTree = "<group>";
		};
/* End PBXGroup section */

/* Begin PBXNativeTarget section */
		4D44A983229C587200F00DB9 /* Resume */ = {
			isa = PBXNativeTarget;
			buildConfigurationList = 4D44A996229C587500F00DB9 /* Build configuration list for PBXNativeTarget "Resume" */;
			buildPhases = (
				4FA86133366E8380738739B0 /* [CP] Check Pods Manifest.lock */,
				4D44A980229C587200F00DB9 /* Sources */,
				4D44A981229C587200F00DB9 /* Frameworks */,
				4D44A982229C587200F00DB9 /* Resources */,
				5B216A2ED6AA29EC8934C98C /* [CP] Embed Pods Frameworks */,
			);
			buildRules = (
			);
			dependencies = (
			);
			name = Resume;
			productName = Resume;
			productReference = 4D44A984229C587200F00DB9 /* Resume.app */;
			productType = "com.apple.product-type.application";
		};
/* End PBXNativeTarget section */

/* Begin PBXProject section */
		4D44A97C229C587200F00DB9 /* Project object */ = {
			isa = PBXProject;
			attributes = {
				LastSwiftUpdateCheck = 1020;
				LastUpgradeCheck = 1020;
				ORGANIZATIONNAME = luckybutter;
				TargetAttributes = {
					4D44A983229C587200F00DB9 = {
						CreatedOnToolsVersion = 10.2.1;
					};
				};
			};
			buildConfigurationList = 4D44A97F229C587200F00DB9 /* Build configuration list for PBXProject "Resume" */;
			compatibilityVersion = "Xcode 9.3";
			developmentRegion = en;
			hasScannedForEncodings = 0;
			knownRegions = (
				en,
				Base,
			);
			mainGroup = 4D44A97B229C587200F00DB9;
			productRefGroup = 4D44A985229C587200F00DB9 /* Products */;
			projectDirPath = "";
			projectRoot = "";
			targets = (
				4D44A983229C587200F00DB9 /* Resume */,
			);
		};
/* End PBXProject section */

/* Begin PBXResourcesBuildPhase section */
		4D44A982229C587200F00DB9 /* Resources */ = {
			isa = PBXResourcesBuildPhase;
			buildActionMask = 2147483647;
			files = (
				4D44A9C0229CA43000F00DB9 /* Lato-Bold.ttf in Resources */,
				4D44A9BE229CA43000F00DB9 /* Lato-Italic.ttf in Resources */,
				4D44A9C4229CA43000F00DB9 /* Lato-Hairline.ttf in Resources */,
				4D44A9BF229CA43000F00DB9 /* Lato-LightItalic.ttf in Resources */,
				4D44A992229C587500F00DB9 /* LaunchScreen.storyboard in Resources */,
				4D44A9C1229CA43000F00DB9 /* Lato-Black.ttf in Resources */,
				4D44A9C2229CA43000F00DB9 /* Lato-HairlineItalic.ttf in Resources */,
				4D44A9AB229C995500F00DB9 /* GoogleService-Info.plist in Resources */,
				4D44A9D9229F46C000F00DB9 /* ProfileViewController.storyboard in Resources */,
				4D44A9C5229CA43000F00DB9 /* Lato-BlackItalic.ttf in Resources */,
				4D44A9DC229F488200F00DB9 /* TabController.storyboard in Resources */,
				4D44A9C3229CA43000F00DB9 /* Lato-Regular.ttf in Resources */,
				4D44A98F229C587500F00DB9 /* Assets.xcassets in Resources */,
				4D44A98D229C587200F00DB9 /* ResumeViewController.storyboard in Resources */,
				4D44A9C6229CA43000F00DB9 /* Lato-BoldItalic.ttf in Resources */,
				4D44A9C7229CA43000F00DB9 /* Lato-Light.ttf in Resources */,
			);
			runOnlyForDeploymentPostprocessing = 0;
		};
/* End PBXResourcesBuildPhase section */

/* Begin PBXShellScriptBuildPhase section */
		4FA86133366E8380738739B0 /* [CP] Check Pods Manifest.lock */ = {
			isa = PBXShellScriptBuildPhase;
			buildActionMask = 2147483647;
			files = (
			);
			inputFileListPaths = (
			);
			inputPaths = (
				"${PODS_PODFILE_DIR_PATH}/Podfile.lock",
				"${PODS_ROOT}/Manifest.lock",
			);
			name = "[CP] Check Pods Manifest.lock";
			outputFileListPaths = (
			);
			outputPaths = (
				"$(DERIVED_FILE_DIR)/Pods-Resume-checkManifestLockResult.txt",
			);
			runOnlyForDeploymentPostprocessing = 0;
			shellPath = /bin/sh;
			shellScript = "diff \"${PODS_PODFILE_DIR_PATH}/Podfile.lock\" \"${PODS_ROOT}/Manifest.lock\" > /dev/null\nif [ $? != 0 ] ; then\n    # print error to STDERR\n    echo \"error: The sandbox is not in sync with the Podfile.lock. Run 'pod install' or update your CocoaPods installation.\" >&2\n    exit 1\nfi\n# This output is used by Xcode 'outputs' to avoid re-running this script phase.\necho \"SUCCESS\" > \"${SCRIPT_OUTPUT_FILE_0}\"\n";
			showEnvVarsInLog = 0;
		};
		5B216A2ED6AA29EC8934C98C /* [CP] Embed Pods Frameworks */ = {
			isa = PBXShellScriptBuildPhase;
			buildActionMask = 2147483647;
			files = (
			);
			inputFileListPaths = (
			);
			inputPaths = (
				"${SRCROOT}/Pods/Target Support Files/Pods-Resume/Pods-Resume-frameworks.sh",
				"${BUILT_PRODUCTS_DIR}/BoringSSL-GRPC/openssl_grpc.framework",
				"${BUILT_PRODUCTS_DIR}/GoogleUtilities/GoogleUtilities.framework",
				"${BUILT_PRODUCTS_DIR}/PromiseKit/PromiseKit.framework",
				"${BUILT_PRODUCTS_DIR}/Protobuf/Protobuf.framework",
				"${BUILT_PRODUCTS_DIR}/gRPC-C++/grpcpp.framework",
				"${BUILT_PRODUCTS_DIR}/gRPC-Core/grpc.framework",
				"${BUILT_PRODUCTS_DIR}/leveldb-library/leveldb.framework",
				"${BUILT_PRODUCTS_DIR}/nanopb/nanopb.framework",
			);
			name = "[CP] Embed Pods Frameworks";
			outputFileListPaths = (
			);
			outputPaths = (
				"${TARGET_BUILD_DIR}/${FRAMEWORKS_FOLDER_PATH}/openssl_grpc.framework",
				"${TARGET_BUILD_DIR}/${FRAMEWORKS_FOLDER_PATH}/GoogleUtilities.framework",
				"${TARGET_BUILD_DIR}/${FRAMEWORKS_FOLDER_PATH}/PromiseKit.framework",
				"${TARGET_BUILD_DIR}/${FRAMEWORKS_FOLDER_PATH}/Protobuf.framework",
				"${TARGET_BUILD_DIR}/${FRAMEWORKS_FOLDER_PATH}/grpcpp.framework",
				"${TARGET_BUILD_DIR}/${FRAMEWORKS_FOLDER_PATH}/grpc.framework",
				"${TARGET_BUILD_DIR}/${FRAMEWORKS_FOLDER_PATH}/leveldb.framework",
				"${TARGET_BUILD_DIR}/${FRAMEWORKS_FOLDER_PATH}/nanopb.framework",
			);
			runOnlyForDeploymentPostprocessing = 0;
			shellPath = /bin/sh;
			shellScript = "\"${SRCROOT}/Pods/Target Support Files/Pods-Resume/Pods-Resume-frameworks.sh\"\n";
			showEnvVarsInLog = 0;
		};
/* End PBXShellScriptBuildPhase section */

/* Begin PBXSourcesBuildPhase section */
		4D44A980229C587200F00DB9 /* Sources */ = {
			isa = PBXSourcesBuildPhase;
			buildActionMask = 2147483647;
			files = (
				4D44A9CD229CBD1D00F00DB9 /* PromiseKit+.swift in Sources */,
				4D44A9A2229C646300F00DB9 /* ResumeViewControllerLogic.swift in Sources */,
				4D44A9C9229CAAB200F00DB9 /* Worker.swift in Sources */,
				4D44A9D7229F46B300F00DB9 /* ProfileViewControllerLogic.swift in Sources */,
				4D44A9AD229C9EA800F00DB9 /* JobTitleCell.swift in Sources */,
				4D44A98A229C587200F00DB9 /* ResumeViewController.swift in Sources */,
				4D44A9B1229CA34C00F00DB9 /* AppConstants.swift in Sources */,
				4D44A9CF229D086600F00DB9 /* JobDetailCell.swift in Sources */,
				4D44A9D6229F46B300F00DB9 /* ProfileViewControllerPresenter.swift in Sources */,
				4D44A9AF229C9F9900F00DB9 /* OneTimeSetup.swift in Sources */,
				4D44A9A9229C66BB00F00DB9 /* Presenter.swift in Sources */,
				4D44A99D229C5F8700F00DB9 /* Job.swift in Sources */,
				4D44A9A4229C646E00F00DB9 /* ResumeViewControllerPresenter.swift in Sources */,
				4D44A9CB229CB0F500F00DB9 /* FirestoreLoadable.swift in Sources */,
				4D44A9D1229F466900F00DB9 /* ProfileViewController.swift in Sources */,
				4D44A9A7229C64A600F00DB9 /* Logic.swift in Sources */,
				4D44A988229C587200F00DB9 /* AppDelegate.swift in Sources */,
			);
			runOnlyForDeploymentPostprocessing = 0;
		};
/* End PBXSourcesBuildPhase section */

/* Begin PBXVariantGroup section */
		4D44A98B229C587200F00DB9 /* ResumeViewController.storyboard */ = {
			isa = PBXVariantGroup;
			children = (
				4D44A98C229C587200F00DB9 /* Base */,
			);
			name = ResumeViewController.storyboard;
			sourceTree = "<group>";
		};
		4D44A990229C587500F00DB9 /* LaunchScreen.storyboard */ = {
			isa = PBXVariantGroup;
			children = (
				4D44A991229C587500F00DB9 /* Base */,
			);
			name = LaunchScreen.storyboard;
			sourceTree = "<group>";
		};
/* End PBXVariantGroup section */

/* Begin XCBuildConfiguration section */
		4D44A994229C587500F00DB9 /* Debug */ = {
			isa = XCBuildConfiguration;
			buildSettings = {
				ALWAYS_SEARCH_USER_PATHS = NO;
				CLANG_ANALYZER_NONNULL = YES;
				CLANG_ANALYZER_NUMBER_OBJECT_CONVERSION = YES_AGGRESSIVE;
				CLANG_CXX_LANGUAGE_STANDARD = "gnu++14";
				CLANG_CXX_LIBRARY = "libc++";
				CLANG_ENABLE_MODULES = YES;
				CLANG_ENABLE_OBJC_ARC = YES;
				CLANG_ENABLE_OBJC_WEAK = YES;
				CLANG_WARN_BLOCK_CAPTURE_AUTORELEASING = YES;
				CLANG_WARN_BOOL_CONVERSION = YES;
				CLANG_WARN_COMMA = YES;
				CLANG_WARN_CONSTANT_CONVERSION = YES;
				CLANG_WARN_DEPRECATED_OBJC_IMPLEMENTATIONS = YES;
				CLANG_WARN_DIRECT_OBJC_ISA_USAGE = YES_ERROR;
				CLANG_WARN_DOCUMENTATION_COMMENTS = YES;
				CLANG_WARN_EMPTY_BODY = YES;
				CLANG_WARN_ENUM_CONVERSION = YES;
				CLANG_WARN_INFINITE_RECURSION = YES;
				CLANG_WARN_INT_CONVERSION = YES;
				CLANG_WARN_NON_LITERAL_NULL_CONVERSION = YES;
				CLANG_WARN_OBJC_IMPLICIT_RETAIN_SELF = YES;
				CLANG_WARN_OBJC_LITERAL_CONVERSION = YES;
				CLANG_WARN_OBJC_ROOT_CLASS = YES_ERROR;
				CLANG_WARN_RANGE_LOOP_ANALYSIS = YES;
				CLANG_WARN_STRICT_PROTOTYPES = YES;
				CLANG_WARN_SUSPICIOUS_MOVE = YES;
				CLANG_WARN_UNGUARDED_AVAILABILITY = YES_AGGRESSIVE;
				CLANG_WARN_UNREACHABLE_CODE = YES;
				CLANG_WARN__DUPLICATE_METHOD_MATCH = YES;
				CODE_SIGN_IDENTITY = "iPhone Developer";
				COPY_PHASE_STRIP = NO;
				DEBUG_INFORMATION_FORMAT = dwarf;
				ENABLE_STRICT_OBJC_MSGSEND = YES;
				ENABLE_TESTABILITY = YES;
				GCC_C_LANGUAGE_STANDARD = gnu11;
				GCC_DYNAMIC_NO_PIC = NO;
				GCC_NO_COMMON_BLOCKS = YES;
				GCC_OPTIMIZATION_LEVEL = 0;
				GCC_PREPROCESSOR_DEFINITIONS = (
					"DEBUG=1",
					"$(inherited)",
				);
				GCC_WARN_64_TO_32_BIT_CONVERSION = YES;
				GCC_WARN_ABOUT_RETURN_TYPE = YES_ERROR;
				GCC_WARN_UNDECLARED_SELECTOR = YES;
				GCC_WARN_UNINITIALIZED_AUTOS = YES_AGGRESSIVE;
				GCC_WARN_UNUSED_FUNCTION = YES;
				GCC_WARN_UNUSED_VARIABLE = YES;
				IPHONEOS_DEPLOYMENT_TARGET = 12.2;
				MTL_ENABLE_DEBUG_INFO = INCLUDE_SOURCE;
				MTL_FAST_MATH = YES;
				ONLY_ACTIVE_ARCH = YES;
				SDKROOT = iphoneos;
				SWIFT_ACTIVE_COMPILATION_CONDITIONS = DEBUG;
				SWIFT_OPTIMIZATION_LEVEL = "-Onone";
			};
			name = Debug;
		};
		4D44A995229C587500F00DB9 /* Release */ = {
			isa = XCBuildConfiguration;
			buildSettings = {
				ALWAYS_SEARCH_USER_PATHS = NO;
				CLANG_ANALYZER_NONNULL = YES;
				CLANG_ANALYZER_NUMBER_OBJECT_CONVERSION = YES_AGGRESSIVE;
				CLANG_CXX_LANGUAGE_STANDARD = "gnu++14";
				CLANG_CXX_LIBRARY = "libc++";
				CLANG_ENABLE_MODULES = YES;
				CLANG_ENABLE_OBJC_ARC = YES;
				CLANG_ENABLE_OBJC_WEAK = YES;
				CLANG_WARN_BLOCK_CAPTURE_AUTORELEASING = YES;
				CLANG_WARN_BOOL_CONVERSION = YES;
				CLANG_WARN_COMMA = YES;
				CLANG_WARN_CONSTANT_CONVERSION = YES;
				CLANG_WARN_DEPRECATED_OBJC_IMPLEMENTATIONS = YES;
				CLANG_WARN_DIRECT_OBJC_ISA_USAGE = YES_ERROR;
				CLANG_WARN_DOCUMENTATION_COMMENTS = YES;
				CLANG_WARN_EMPTY_BODY = YES;
				CLANG_WARN_ENUM_CONVERSION = YES;
				CLANG_WARN_INFINITE_RECURSION = YES;
				CLANG_WARN_INT_CONVERSION = YES;
				CLANG_WARN_NON_LITERAL_NULL_CONVERSION = YES;
				CLANG_WARN_OBJC_IMPLICIT_RETAIN_SELF = YES;
				CLANG_WARN_OBJC_LITERAL_CONVERSION = YES;
				CLANG_WARN_OBJC_ROOT_CLASS = YES_ERROR;
				CLANG_WARN_RANGE_LOOP_ANALYSIS = YES;
				CLANG_WARN_STRICT_PROTOTYPES = YES;
				CLANG_WARN_SUSPICIOUS_MOVE = YES;
				CLANG_WARN_UNGUARDED_AVAILABILITY = YES_AGGRESSIVE;
				CLANG_WARN_UNREACHABLE_CODE = YES;
				CLANG_WARN__DUPLICATE_METHOD_MATCH = YES;
				CODE_SIGN_IDENTITY = "iPhone Developer";
				COPY_PHASE_STRIP = NO;
				DEBUG_INFORMATION_FORMAT = "dwarf-with-dsym";
				ENABLE_NS_ASSERTIONS = NO;
				ENABLE_STRICT_OBJC_MSGSEND = YES;
				GCC_C_LANGUAGE_STANDARD = gnu11;
				GCC_NO_COMMON_BLOCKS = YES;
				GCC_WARN_64_TO_32_BIT_CONVERSION = YES;
				GCC_WARN_ABOUT_RETURN_TYPE = YES_ERROR;
				GCC_WARN_UNDECLARED_SELECTOR = YES;
				GCC_WARN_UNINITIALIZED_AUTOS = YES_AGGRESSIVE;
				GCC_WARN_UNUSED_FUNCTION = YES;
				GCC_WARN_UNUSED_VARIABLE = YES;
				IPHONEOS_DEPLOYMENT_TARGET = 12.2;
				MTL_ENABLE_DEBUG_INFO = NO;
				MTL_FAST_MATH = YES;
				SDKROOT = iphoneos;
				SWIFT_COMPILATION_MODE = wholemodule;
				SWIFT_OPTIMIZATION_LEVEL = "-O";
				VALIDATE_PRODUCT = YES;
			};
			name = Release;
		};
		4D44A997229C587500F00DB9 /* Debug */ = {
			isa = XCBuildConfiguration;
			baseConfigurationReference = 5895046CD750476EC3506D2F /* Pods-Resume.debug.xcconfig */;
			buildSettings = {
				ASSETCATALOG_COMPILER_APPICON_NAME = AppIcon;
				CODE_SIGN_STYLE = Automatic;
				DEVELOPMENT_TEAM = 5JW7J9WCT8;
				INFOPLIST_FILE = "$(SRCROOT)/Resume/Core/Info.plist";
				LD_RUNPATH_SEARCH_PATHS = (
					"$(inherited)",
					"@executable_path/Frameworks",
				);
				PRODUCT_BUNDLE_IDENTIFIER = com.luckybutter.Resume;
				PRODUCT_NAME = "$(TARGET_NAME)";
				SWIFT_VERSION = 5.0;
				TARGETED_DEVICE_FAMILY = 1;
			};
			name = Debug;
		};
		4D44A998229C587500F00DB9 /* Release */ = {
			isa = XCBuildConfiguration;
			baseConfigurationReference = 16380D387791D473C6F3593E /* Pods-Resume.release.xcconfig */;
			buildSettings = {
				ASSETCATALOG_COMPILER_APPICON_NAME = AppIcon;
				CODE_SIGN_STYLE = Automatic;
				DEVELOPMENT_TEAM = 5JW7J9WCT8;
				INFOPLIST_FILE = "$(SRCROOT)/Resume/Core/Info.plist";
				LD_RUNPATH_SEARCH_PATHS = (
					"$(inherited)",
					"@executable_path/Frameworks",
				);
				PRODUCT_BUNDLE_IDENTIFIER = com.luckybutter.Resume;
				PRODUCT_NAME = "$(TARGET_NAME)";
				SWIFT_VERSION = 5.0;
				TARGETED_DEVICE_FAMILY = 1;
			};
			name = Release;
		};
/* End XCBuildConfiguration section */

/* Begin XCConfigurationList section */
		4D44A97F229C587200F00DB9 /* Build configuration list for PBXProject "Resume" */ = {
			isa = XCConfigurationList;
			buildConfigurations = (
				4D44A994229C587500F00DB9 /* Debug */,
				4D44A995229C587500F00DB9 /* Release */,
			);
			defaultConfigurationIsVisible = 0;
			defaultConfigurationName = Release;
		};
		4D44A996229C587500F00DB9 /* Build configuration list for PBXNativeTarget "Resume" */ = {
			isa = XCConfigurationList;
			buildConfigurations = (
				4D44A997229C587500F00DB9 /* Debug */,
				4D44A998229C587500F00DB9 /* Release */,
			);
			defaultConfigurationIsVisible = 0;
			defaultConfigurationName = Release;
		};
/* End XCConfigurationList section */
	};
	rootObject = 4D44A97C229C587200F00DB9 /* Project object */;
}
